
Microsoft Visual Studio Solution File, Format Version 12.00
# Visual Studio Version 17
VisualStudioVersion = 17.6.33723.286
MinimumVisualStudioVersion = 10.0.40219.1
Project("{2150E333-8FDC-42A3-9474-1A3956D46DE8}") = "Services", "Services", "{CC2BB622-F1E4-4B32-8217-6829C8F48DB4}"
EndProject
Project("{2150E333-8FDC-42A3-9474-1A3956D46DE8}") = "Catalog", "Catalog", "{69A56244-E72F-4A3C-BFDB-EBFE98878716}"
EndProject
Project("{9A19103F-16F7-4668-BE54-9A1E7A4F7556}") = "Catalog.API", "Services\Catalog\Catalog.API\Catalog.API.csproj", "{88889B0D-8692-4CD4-86FD-D4FA2E9BED45}"
EndProject
Project("{E53339B2-1760-4266-BCC7-CA923CBCF16C}") = "docker-compose", "docker-compose.dcproj", "{44206BA4-DD11-4BE9-A2CB-F44E49DEFFC3}"
EndProject
Project("{2150E333-8FDC-42A3-9474-1A3956D46DE8}") = "Basket", "Basket", "{3903AC84-2CDD-49A4-B3A3-7DF10DF76738}"
EndProject
Project("{9A19103F-16F7-4668-BE54-9A1E7A4F7556}") = "Basket.API", "Services\Basket\Basket.API\Basket.API.csproj", "{AE1CBEBD-A72A-4987-802E-D503343B0ADD}"
EndProject
Project("{2150E333-8FDC-42A3-9474-1A3956D46DE8}") = "Discount", "Discount", "{63398AA1-C18A-40F3-87AC-A461AAD829A7}"
EndProject
Project("{9A19103F-16F7-4668-BE54-9A1E7A4F7556}") = "Discount.API", "Services\Discount\Discount.API\Discount.API.csproj", "{7D64C696-194E-4017-B172-9F11A1B6F2C8}"
EndProject
Project("{FAE04EC0-301F-11D3-BF4B-00C04F79EFBC}") = "Discount.Grpc", "Services\Discount\Discount.Grpc\Discount.Grpc.csproj", "{19A204C4-77E4-4F1A-A0B4-A2A7CD7740EC}"
EndProject
Global
	GlobalSection(SolutionConfigurationPlatforms) = preSolution
		Debug|Any CPU = Debug|Any CPU
		Release|Any CPU = Release|Any CPU
	EndGlobalSection
	GlobalSection(ProjectConfigurationPlatforms) = postSolution
		{88889B0D-8692-4CD4-86FD-D4FA2E9BED45}.Debug|Any CPU.ActiveCfg = Debug|Any CPU
		{88889B0D-8692-4CD4-86FD-D4FA2E9BED45}.Debug|Any CPU.Build.0 = Debug|Any CPU
		{88889B0D-8692-4CD4-86FD-D4FA2E9BED45}.Release|Any CPU.ActiveCfg = Release|Any CPU
		{88889B0D-8692-4CD4-86FD-D4FA2E9BED45}.Release|Any CPU.Build.0 = Release|Any CPU
		{44206BA4-DD11-4BE9-A2CB-F44E49DEFFC3}.Debug|Any CPU.ActiveCfg = Debug|Any CPU
		{44206BA4-DD11-4BE9-A2CB-F44E49DEFFC3}.Debug|Any CPU.Build.0 = Debug|Any CPU
		{44206BA4-DD11-4BE9-A2CB-F44E49DEFFC3}.Release|Any CPU.ActiveCfg = Release|Any CPU
		{44206BA4-DD11-4BE9-A2CB-F44E49DEFFC3}.Release|Any CPU.Build.0 = Release|Any CPU
		{AE1CBEBD-A72A-4987-802E-D503343B0ADD}.Debug|Any CPU.ActiveCfg = Debug|Any CPU
		{AE1CBEBD-A72A-4987-802E-D503343B0ADD}.Debug|Any CPU.Build.0 = Debug|Any CPU
		{AE1CBEBD-A72A-4987-802E-D503343B0ADD}.Release|Any CPU.ActiveCfg = Release|Any CPU
		{AE1CBEBD-A72A-4987-802E-D503343B0ADD}.Release|Any CPU.Build.0 = Release|Any CPU
		{7D64C696-194E-4017-B172-9F11A1B6F2C8}.Debug|Any CPU.ActiveCfg = Debug|Any CPU
		{7D64C696-194E-4017-B172-9F11A1B6F2C8}.Debug|Any CPU.Build.0 = Debug|Any CPU
		{7D64C696-194E-4017-B172-9F11A1B6F2C8}.Release|Any CPU.ActiveCfg = Release|Any CPU
		{7D64C696-194E-4017-B172-9F11A1B6F2C8}.Release|Any CPU.Build.0 = Release|Any CPU
		{19A204C4-77E4-4F1A-A0B4-A2A7CD7740EC}.Debug|Any CPU.ActiveCfg = Debug|Any CPU
		{19A204C4-77E4-4F1A-A0B4-A2A7CD7740EC}.Debug|Any CPU.Build.0 = Debug|Any CPU
		{19A204C4-77E4-4F1A-A0B4-A2A7CD7740EC}.Release|Any CPU.ActiveCfg = Release|Any CPU
		{19A204C4-77E4-4F1A-A0B4-A2A7CD7740EC}.Release|Any CPU.Build.0 = Release|Any CPU
	EndGlobalSection
	GlobalSection(SolutionProperties) = preSolution
		HideSolutionNode = FALSE
	EndGlobalSection
	GlobalSection(NestedProjects) = preSolution
		{69A56244-E72F-4A3C-BFDB-EBFE98878716} = {CC2BB622-F1E4-4B32-8217-6829C8F48DB4}
		{88889B0D-8692-4CD4-86FD-D4FA2E9BED45} = {69A56244-E72F-4A3C-BFDB-EBFE98878716}
		{3903AC84-2CDD-49A4-B3A3-7DF10DF76738} = {CC2BB622-F1E4-4B32-8217-6829C8F48DB4}
		{AE1CBEBD-A72A-4987-802E-D503343B0ADD} = {3903AC84-2CDD-49A4-B3A3-7DF10DF76738}
		{63398AA1-C18A-40F3-87AC-A461AAD829A7} = {CC2BB622-F1E4-4B32-8217-6829C8F48DB4}
		{7D64C696-194E-4017-B172-9F11A1B6F2C8} = {63398AA1-C18A-40F3-87AC-A461AAD829A7}
		{19A204C4-77E4-4F1A-A0B4-A2A7CD7740EC} = {63398AA1-C18A-40F3-87AC-A461AAD829A7}
	EndGlobalSection
	GlobalSection(ExtensibilityGlobals) = postSolution
		SolutionGuid = {547C076A-0A7A-4091-A1B9-B376F0486A9B}
	EndGlobalSection
EndGlobal
